
Microsoft Visual Studio Solution File, Format Version 12.00
# Visual Studio 14
VisualStudioVersion = 14.0.25420.1
MinimumVisualStudioVersion = 10.0.40219.1
Project("{FAE04EC0-301F-11D3-BF4B-00C04F79EFBC}") = "SimpleCalculator03", "SimpleCalculator03\SimpleCalculator03.csproj", "{583DB196-40EC-4DB1-BA3B-07AEA438897E}"
EndProject
Project("{FAE04EC0-301F-11D3-BF4B-00C04F79EFBC}") = "SimpleCalculator04", "SimpleCalculator04\SimpleCalculator04.csproj", "{514B73B9-139D-4CC4-A6A0-45C9AA2E1102}"
EndProject
Project("{FAE04EC0-301F-11D3-BF4B-00C04F79EFBC}") = "SimpleCalculator0", "SimpleCalculator0\SimpleCalculator0.csproj", "{769A88BE-4F4F-4D58-A46E-60326EF72CE6}"
EndProject
Global
	GlobalSection(SolutionConfigurationPlatforms) = preSolution
		Debug|Any CPU = Debug|Any CPU
		Release|Any CPU = Release|Any CPU
	EndGlobalSection
	GlobalSection(ProjectConfigurationPlatforms) = postSolution
		{583DB196-40EC-4DB1-BA3B-07AEA438897E}.Debug|Any CPU.ActiveCfg = Debug|Any CPU
		{583DB196-40EC-4DB1-BA3B-07AEA438897E}.Debug|Any CPU.Build.0 = Debug|Any CPU
		{583DB196-40EC-4DB1-BA3B-07AEA438897E}.Release|Any CPU.ActiveCfg = Release|Any CPU
		{583DB196-40EC-4DB1-BA3B-07AEA438897E}.Release|Any CPU.Build.0 = Release|Any CPU
		{514B73B9-139D-4CC4-A6A0-45C9AA2E1102}.Debug|Any CPU.ActiveCfg = Debug|Any CPU
		{514B73B9-139D-4CC4-A6A0-45C9AA2E1102}.Debug|Any CPU.Build.0 = Debug|Any CPU
		{514B73B9-139D-4CC4-A6A0-45C9AA2E1102}.Release|Any CPU.ActiveCfg = Release|Any CPU
		{514B73B9-139D-4CC4-A6A0-45C9AA2E1102}.Release|Any CPU.Build.0 = Release|Any CPU
		{769A88BE-4F4F-4D58-A46E-60326EF72CE6}.Debug|Any CPU.ActiveCfg = Debug|Any CPU
		{769A88BE-4F4F-4D58-A46E-60326EF72CE6}.Debug|Any CPU.Build.0 = Debug|Any CPU
		{769A88BE-4F4F-4D58-A46E-60326EF72CE6}.Release|Any CPU.ActiveCfg = Release|Any CPU
		{769A88BE-4F4F-4D58-A46E-60326EF72CE6}.Release|Any CPU.Build.0 = Release|Any CPU
	EndGlobalSection
	GlobalSection(SolutionProperties) = preSolution
		HideSolutionNode = FALSE
	EndGlobalSection
EndGlobal
